
Microsoft Visual Studio Solution File, Format Version 12.00
Project("{FAE04EC0-301F-11D3-BF4B-00C04F79EFBC}") = "P2CodeExecution", "P2CodeExecution\P2CodeExecution.csproj", "{169625DD-BD8F-44F7-8387-AB533D850A26}"
EndProject
Project("{FAE04EC0-301F-11D3-BF4B-00C04F79EFBC}") = "P3PrintingOutput", "P3PrintingOutput\P3PrintingOutput.csproj", "{C386863A-7437-41A5-B70E-862DD3BA83BD}"
EndProject
Project("{FAE04EC0-301F-11D3-BF4B-00C04F79EFBC}") = "P4Comments", "P4Comments\P4Comments.csproj", "{E5C5C3EA-38EE-4FCB-9BDC-53FBC677F1CB}"
EndProject
Project("{FAE04EC0-301F-11D3-BF4B-00C04F79EFBC}") = "P5Variables", "P5Variables\P5Variables.csproj", "{EEB8A07D-013E-4C41-ACA0-E902244A40A7}"
EndProject
Project("{FAE04EC0-301F-11D3-BF4B-00C04F79EFBC}") = "P6DataTypes", "P6DataTypes\P6DataTypes.csproj", "{D8DC63D9-C49A-4011-8FFB-5A69A84EC9DC}"
EndProject
Project("{FAE04EC0-301F-11D3-BF4B-00C04F79EFBC}") = "P7Input", "P7Input\P7Input.csproj", "{EBC845A6-9C05-4FC5-95C0-202C2FE4FC16}"
EndProject
Project("{FAE04EC0-301F-11D3-BF4B-00C04F79EFBC}") = "P8Conversion", "P8Conversion\P8Conversion.csproj", "{60890F77-32D1-42BA-8CA3-F5394865BABB}"
EndProject
Project("{FAE04EC0-301F-11D3-BF4B-00C04F79EFBC}") = "P9Operators", "P9Operators\P9Operators.csproj", "{954D6723-6368-42B1-95FA-E868A5D69725}"
EndProject
Project("{FAE04EC0-301F-11D3-BF4B-00C04F79EFBC}") = "P10Boolean", "P10Boolean\P10Boolean.csproj", "{E997BFB0-67B6-4CAA-A223-87480DEFB5DF}"
EndProject
Project("{FAE04EC0-301F-11D3-BF4B-00C04F79EFBC}") = "GP23 exercise discord", "GP23 exercise discord\GP23 exercise discord.csproj", "{17BD2832-89B2-4C21-A8F5-7617A2DA7BB3}"
EndProject
Project("{FAE04EC0-301F-11D3-BF4B-00C04F79EFBC}") = "P11IfElse", "P11IfElse\P11IfElse.csproj", "{37810305-4F19-41C0-9D1C-93AF32A4F66E}"
EndProject
Project("{FAE04EC0-301F-11D3-BF4B-00C04F79EFBC}") = "P12Random", "P12Random\P12Random.csproj", "{47B20CBB-954D-440B-9AAE-5F53454F241F}"
EndProject
Project("{FAE04EC0-301F-11D3-BF4B-00C04F79EFBC}") = "P13GoTo", "P13GoTo\P13GoTo.csproj", "{0CC4AD53-BB6C-42D1-9FDC-D8C7BA68E5B6}"
EndProject
Global
	GlobalSection(SolutionConfigurationPlatforms) = preSolution
		Debug|Any CPU = Debug|Any CPU
		Release|Any CPU = Release|Any CPU
	EndGlobalSection
	GlobalSection(ProjectConfigurationPlatforms) = postSolution
		{169625DD-BD8F-44F7-8387-AB533D850A26}.Debug|Any CPU.ActiveCfg = Debug|Any CPU
		{169625DD-BD8F-44F7-8387-AB533D850A26}.Debug|Any CPU.Build.0 = Debug|Any CPU
		{169625DD-BD8F-44F7-8387-AB533D850A26}.Release|Any CPU.ActiveCfg = Release|Any CPU
		{169625DD-BD8F-44F7-8387-AB533D850A26}.Release|Any CPU.Build.0 = Release|Any CPU
		{C386863A-7437-41A5-B70E-862DD3BA83BD}.Debug|Any CPU.ActiveCfg = Debug|Any CPU
		{C386863A-7437-41A5-B70E-862DD3BA83BD}.Debug|Any CPU.Build.0 = Debug|Any CPU
		{C386863A-7437-41A5-B70E-862DD3BA83BD}.Release|Any CPU.ActiveCfg = Release|Any CPU
		{C386863A-7437-41A5-B70E-862DD3BA83BD}.Release|Any CPU.Build.0 = Release|Any CPU
		{E5C5C3EA-38EE-4FCB-9BDC-53FBC677F1CB}.Debug|Any CPU.ActiveCfg = Debug|Any CPU
		{E5C5C3EA-38EE-4FCB-9BDC-53FBC677F1CB}.Debug|Any CPU.Build.0 = Debug|Any CPU
		{E5C5C3EA-38EE-4FCB-9BDC-53FBC677F1CB}.Release|Any CPU.ActiveCfg = Release|Any CPU
		{E5C5C3EA-38EE-4FCB-9BDC-53FBC677F1CB}.Release|Any CPU.Build.0 = Release|Any CPU
		{EEB8A07D-013E-4C41-ACA0-E902244A40A7}.Debug|Any CPU.ActiveCfg = Debug|Any CPU
		{EEB8A07D-013E-4C41-ACA0-E902244A40A7}.Debug|Any CPU.Build.0 = Debug|Any CPU
		{EEB8A07D-013E-4C41-ACA0-E902244A40A7}.Release|Any CPU.ActiveCfg = Release|Any CPU
		{EEB8A07D-013E-4C41-ACA0-E902244A40A7}.Release|Any CPU.Build.0 = Release|Any CPU
		{D8DC63D9-C49A-4011-8FFB-5A69A84EC9DC}.Debug|Any CPU.ActiveCfg = Debug|Any CPU
		{D8DC63D9-C49A-4011-8FFB-5A69A84EC9DC}.Debug|Any CPU.Build.0 = Debug|Any CPU
		{D8DC63D9-C49A-4011-8FFB-5A69A84EC9DC}.Release|Any CPU.ActiveCfg = Release|Any CPU
		{D8DC63D9-C49A-4011-8FFB-5A69A84EC9DC}.Release|Any CPU.Build.0 = Release|Any CPU
		{EBC845A6-9C05-4FC5-95C0-202C2FE4FC16}.Debug|Any CPU.ActiveCfg = Debug|Any CPU
		{EBC845A6-9C05-4FC5-95C0-202C2FE4FC16}.Debug|Any CPU.Build.0 = Debug|Any CPU
		{EBC845A6-9C05-4FC5-95C0-202C2FE4FC16}.Release|Any CPU.ActiveCfg = Release|Any CPU
		{EBC845A6-9C05-4FC5-95C0-202C2FE4FC16}.Release|Any CPU.Build.0 = Release|Any CPU
		{60890F77-32D1-42BA-8CA3-F5394865BABB}.Debug|Any CPU.ActiveCfg = Debug|Any CPU
		{60890F77-32D1-42BA-8CA3-F5394865BABB}.Debug|Any CPU.Build.0 = Debug|Any CPU
		{60890F77-32D1-42BA-8CA3-F5394865BABB}.Release|Any CPU.ActiveCfg = Release|Any CPU
		{60890F77-32D1-42BA-8CA3-F5394865BABB}.Release|Any CPU.Build.0 = Release|Any CPU
		{954D6723-6368-42B1-95FA-E868A5D69725}.Debug|Any CPU.ActiveCfg = Debug|Any CPU
		{954D6723-6368-42B1-95FA-E868A5D69725}.Debug|Any CPU.Build.0 = Debug|Any CPU
		{954D6723-6368-42B1-95FA-E868A5D69725}.Release|Any CPU.ActiveCfg = Release|Any CPU
		{954D6723-6368-42B1-95FA-E868A5D69725}.Release|Any CPU.Build.0 = Release|Any CPU
		{E997BFB0-67B6-4CAA-A223-87480DEFB5DF}.Debug|Any CPU.ActiveCfg = Debug|Any CPU
		{E997BFB0-67B6-4CAA-A223-87480DEFB5DF}.Debug|Any CPU.Build.0 = Debug|Any CPU
		{E997BFB0-67B6-4CAA-A223-87480DEFB5DF}.Release|Any CPU.ActiveCfg = Release|Any CPU
		{E997BFB0-67B6-4CAA-A223-87480DEFB5DF}.Release|Any CPU.Build.0 = Release|Any CPU
		{17BD2832-89B2-4C21-A8F5-7617A2DA7BB3}.Debug|Any CPU.ActiveCfg = Debug|Any CPU
		{17BD2832-89B2-4C21-A8F5-7617A2DA7BB3}.Debug|Any CPU.Build.0 = Debug|Any CPU
		{17BD2832-89B2-4C21-A8F5-7617A2DA7BB3}.Release|Any CPU.ActiveCfg = Release|Any CPU
		{17BD2832-89B2-4C21-A8F5-7617A2DA7BB3}.Release|Any CPU.Build.0 = Release|Any CPU
		{37810305-4F19-41C0-9D1C-93AF32A4F66E}.Debug|Any CPU.ActiveCfg = Debug|Any CPU
		{37810305-4F19-41C0-9D1C-93AF32A4F66E}.Debug|Any CPU.Build.0 = Debug|Any CPU
		{37810305-4F19-41C0-9D1C-93AF32A4F66E}.Release|Any CPU.ActiveCfg = Release|Any CPU
		{37810305-4F19-41C0-9D1C-93AF32A4F66E}.Release|Any CPU.Build.0 = Release|Any CPU
		{47B20CBB-954D-440B-9AAE-5F53454F241F}.Debug|Any CPU.ActiveCfg = Debug|Any CPU
		{47B20CBB-954D-440B-9AAE-5F53454F241F}.Debug|Any CPU.Build.0 = Debug|Any CPU
		{47B20CBB-954D-440B-9AAE-5F53454F241F}.Release|Any CPU.ActiveCfg = Release|Any CPU
		{47B20CBB-954D-440B-9AAE-5F53454F241F}.Release|Any CPU.Build.0 = Release|Any CPU
		{0CC4AD53-BB6C-42D1-9FDC-D8C7BA68E5B6}.Debug|Any CPU.ActiveCfg = Debug|Any CPU
		{0CC4AD53-BB6C-42D1-9FDC-D8C7BA68E5B6}.Debug|Any CPU.Build.0 = Debug|Any CPU
		{0CC4AD53-BB6C-42D1-9FDC-D8C7BA68E5B6}.Release|Any CPU.ActiveCfg = Release|Any CPU
		{0CC4AD53-BB6C-42D1-9FDC-D8C7BA68E5B6}.Release|Any CPU.Build.0 = Release|Any CPU
	EndGlobalSection
EndGlobal
